
Microsoft Visual Studio Solution File, Format Version 12.00
# Visual Studio Version 17
VisualStudioVersion = 17.7.34018.315
MinimumVisualStudioVersion = 10.0.40219.1
Project("{9A19103F-16F7-4668-BE54-9A1E7A4F7556}") = "Vehiculos", "Vehiculos\Vehiculos.csproj", "{AC685997-9B3E-439A-A4EC-3EF21EDD12EE}"
EndProject
Project("{9A19103F-16F7-4668-BE54-9A1E7A4F7556}") = "AppLavaderoConsola", "AppLavaderoConsola\AppLavaderoConsola.csproj", "{3DE2A9BC-3F55-4840-A479-94FA61032F6E}"
EndProject
Project("{FAE04EC0-301F-11D3-BF4B-00C04F79EFBC}") = "AppLavaderoWForm", "AppLavaderoWForm\AppLavaderoWForm.csproj", "{031559A2-F849-4694-BB7B-358F943D2041}"
EndProject
Global
	GlobalSection(SolutionConfigurationPlatforms) = preSolution
		Debug|Any CPU = Debug|Any CPU
		Release|Any CPU = Release|Any CPU
	EndGlobalSection
	GlobalSection(ProjectConfigurationPlatforms) = postSolution
		{AC685997-9B3E-439A-A4EC-3EF21EDD12EE}.Debug|Any CPU.ActiveCfg = Debug|Any CPU
		{AC685997-9B3E-439A-A4EC-3EF21EDD12EE}.Debug|Any CPU.Build.0 = Debug|Any CPU
		{AC685997-9B3E-439A-A4EC-3EF21EDD12EE}.Release|Any CPU.ActiveCfg = Release|Any CPU
		{AC685997-9B3E-439A-A4EC-3EF21EDD12EE}.Release|Any CPU.Build.0 = Release|Any CPU
		{3DE2A9BC-3F55-4840-A479-94FA61032F6E}.Debug|Any CPU.ActiveCfg = Debug|Any CPU
		{3DE2A9BC-3F55-4840-A479-94FA61032F6E}.Debug|Any CPU.Build.0 = Debug|Any CPU
		{3DE2A9BC-3F55-4840-A479-94FA61032F6E}.Release|Any CPU.ActiveCfg = Release|Any CPU
		{3DE2A9BC-3F55-4840-A479-94FA61032F6E}.Release|Any CPU.Build.0 = Release|Any CPU
		{031559A2-F849-4694-BB7B-358F943D2041}.Debug|Any CPU.ActiveCfg = Debug|Any CPU
		{031559A2-F849-4694-BB7B-358F943D2041}.Debug|Any CPU.Build.0 = Debug|Any CPU
		{031559A2-F849-4694-BB7B-358F943D2041}.Release|Any CPU.ActiveCfg = Release|Any CPU
		{031559A2-F849-4694-BB7B-358F943D2041}.Release|Any CPU.Build.0 = Release|Any CPU
	EndGlobalSection
	GlobalSection(SolutionProperties) = preSolution
		HideSolutionNode = FALSE
	EndGlobalSection
	GlobalSection(ExtensibilityGlobals) = postSolution
		SolutionGuid = {9D0CF901-AEB9-4568-9E5B-DFE56D9CEC2B}
	EndGlobalSection
EndGlobal
